
Microsoft Visual Studio Solution File, Format Version 12.00
# Visual Studio 14
VisualStudioVersion = 14.0.25420.1
MinimumVisualStudioVersion = 10.0.40219.1
Project("{FAE04EC0-301F-11D3-BF4B-00C04F79EFBC}") = "Doktor_i_Pacjent_2017_XD_Pro", "Doktor_i_Pacjent_2017_XD_Pro.csproj", "{D59CDCF4-14AF-4F65-8800-01C0485E9C08}"
EndProject
Project("{FAE04EC0-301F-11D3-BF4B-00C04F79EFBC}") = "DataLogic", "..\DataLogic\DataLogic.csproj", "{073E299E-E7FD-4777-A3E4-01D57413AF96}"
EndProject
Project("{FAE04EC0-301F-11D3-BF4B-00C04F79EFBC}") = "DBConnectionLogic", "..\DBConnectionLogic\DBConnectionLogic.csproj", "{EFBF63A8-27C6-452B-8CF2-7AE474990604}"
EndProject
Project("{FAE04EC0-301F-11D3-BF4B-00C04F79EFBC}") = "DataLogicTests", "..\DataLogicTests\DataLogicTests.csproj", "{278AC68A-58EF-465E-AC84-CE9D63A8E34F}"
EndProject
Project("{FAE04EC0-301F-11D3-BF4B-00C04F79EFBC}") = "DBConnectionLogicTests", "DBConnectionLogicTests\DBConnectionLogicTests.csproj", "{1D5C8A64-F41C-4D42-92C2-A7F4336035C7}"
EndProject
Global
	GlobalSection(SolutionConfigurationPlatforms) = preSolution
		Debug|Any CPU = Debug|Any CPU
		Release|Any CPU = Release|Any CPU
	EndGlobalSection
	GlobalSection(ProjectConfigurationPlatforms) = postSolution
		{D59CDCF4-14AF-4F65-8800-01C0485E9C08}.Debug|Any CPU.ActiveCfg = Debug|Any CPU
		{D59CDCF4-14AF-4F65-8800-01C0485E9C08}.Debug|Any CPU.Build.0 = Debug|Any CPU
		{D59CDCF4-14AF-4F65-8800-01C0485E9C08}.Release|Any CPU.ActiveCfg = Release|Any CPU
		{D59CDCF4-14AF-4F65-8800-01C0485E9C08}.Release|Any CPU.Build.0 = Release|Any CPU
		{073E299E-E7FD-4777-A3E4-01D57413AF96}.Debug|Any CPU.ActiveCfg = Debug|Any CPU
		{073E299E-E7FD-4777-A3E4-01D57413AF96}.Debug|Any CPU.Build.0 = Debug|Any CPU
		{073E299E-E7FD-4777-A3E4-01D57413AF96}.Release|Any CPU.ActiveCfg = Release|Any CPU
		{073E299E-E7FD-4777-A3E4-01D57413AF96}.Release|Any CPU.Build.0 = Release|Any CPU
		{EFBF63A8-27C6-452B-8CF2-7AE474990604}.Debug|Any CPU.ActiveCfg = Debug|Any CPU
		{EFBF63A8-27C6-452B-8CF2-7AE474990604}.Debug|Any CPU.Build.0 = Debug|Any CPU
		{EFBF63A8-27C6-452B-8CF2-7AE474990604}.Release|Any CPU.ActiveCfg = Release|Any CPU
		{EFBF63A8-27C6-452B-8CF2-7AE474990604}.Release|Any CPU.Build.0 = Release|Any CPU
		{278AC68A-58EF-465E-AC84-CE9D63A8E34F}.Debug|Any CPU.ActiveCfg = Debug|Any CPU
		{278AC68A-58EF-465E-AC84-CE9D63A8E34F}.Debug|Any CPU.Build.0 = Debug|Any CPU
		{278AC68A-58EF-465E-AC84-CE9D63A8E34F}.Release|Any CPU.ActiveCfg = Release|Any CPU
		{278AC68A-58EF-465E-AC84-CE9D63A8E34F}.Release|Any CPU.Build.0 = Release|Any CPU
		{1D5C8A64-F41C-4D42-92C2-A7F4336035C7}.Debug|Any CPU.ActiveCfg = Debug|Any CPU
		{1D5C8A64-F41C-4D42-92C2-A7F4336035C7}.Debug|Any CPU.Build.0 = Debug|Any CPU
		{1D5C8A64-F41C-4D42-92C2-A7F4336035C7}.Release|Any CPU.ActiveCfg = Release|Any CPU
		{1D5C8A64-F41C-4D42-92C2-A7F4336035C7}.Release|Any CPU.Build.0 = Release|Any CPU
	EndGlobalSection
	GlobalSection(SolutionProperties) = preSolution
		HideSolutionNode = FALSE
	EndGlobalSection
	GlobalSection(ExtensibilityGlobals) = postSolution
		SolutionGuid = {CC47C318-A802-4B12-BC08-1FB5200015D2}
	EndGlobalSection
EndGlobal
